
Microsoft Visual Studio Solution File, Format Version 12.00
# Visual Studio Version 17
VisualStudioVersion = 17.1.32210.238
MinimumVisualStudioVersion = 10.0.40219.1
Project("{FAE04EC0-301F-11D3-BF4B-00C04F79EFBC}") = "BACK", "BACK\BACK.csproj", "{2954985E-4A7F-4965-822A-B36DE28D2FC5}"
EndProject
Global
	GlobalSection(SolutionConfigurationPlatforms) = preSolution
		Debug|Any CPU = Debug|Any CPU
		Release|Any CPU = Release|Any CPU
	EndGlobalSection
	GlobalSection(ProjectConfigurationPlatforms) = postSolution
		{2954985E-4A7F-4965-822A-B36DE28D2FC5}.Debug|Any CPU.ActiveCfg = Debug|Any CPU
		{2954985E-4A7F-4965-822A-B36DE28D2FC5}.Debug|Any CPU.Build.0 = Debug|Any CPU
		{2954985E-4A7F-4965-822A-B36DE28D2FC5}.Release|Any CPU.ActiveCfg = Release|Any CPU
		{2954985E-4A7F-4965-822A-B36DE28D2FC5}.Release|Any CPU.Build.0 = Release|Any CPU
	EndGlobalSection
	GlobalSection(SolutionProperties) = preSolution
		HideSolutionNode = FALSE
	EndGlobalSection
	GlobalSection(ExtensibilityGlobals) = postSolution
		SolutionGuid = {C56E9420-B66B-490B-A41B-0EC164D6A326}
	EndGlobalSection
EndGlobal
